{
  "name": "negate-sentence",
  "version": "0.1.1",
  "lockfileVersion": 1,
  "requires": true,
  "dependencies": {
    "pure-utilities": {
      "version": "1.0.10",
      "resolved": "https://registry.npmjs.org/pure-utilities/-/pure-utilities-1.0.10.tgz",
      "integrity": "sha512-2P+qIcguTdfp8eR7/jfCfk2rghghGrrn6QSiBcgHxsqHs2MX8AMr4VScGI5CrAREXtX47MLGtARhKXVH+XjZhQ=="
    }
  }
}
